<<<<<<< HEAD
Last acquired by C:\src\flutter\bin\cache\dart-sdk\bin\dart.exe (pid 27164) running file:///C:/src/flutter/bin/cache/flutter_tools.snapshot on 2026-08-03 06:47:57.114811.
=======
Last acquired by C:\src\flutter\bin\cache\dart-sdk\bin\dart.exe (pid 9220) running file:///C:/src/flutter/bin/cache/flutter_tools.snapshot on 2026-08-01 21:50:16.549426.
>>>>>>> 8f919d77a7dfbd609e3794dbbd737ef063400a30
