<<<<<<< HEAD
Last acquired by C:\src\flutter\bin\cache\dart-sdk\bin\dart.exe (pid 27164) running file:///C:/src/flutter/bin/cache/flutter_tools.snapshot on 2026-08-03 06:47:57.111780.
=======
Last acquired by C:\src\flutter\bin\cache\dart-sdk\bin\dart.exe (pid 13472) running file:///C:/src/flutter/bin/cache/flutter_tools.snapshot on 2026-08-02 04:41:17.164487.
>>>>>>> 8f919d77a7dfbd609e3794dbbd737ef063400a30
