<<<<<<< HEAD
Last acquired by C:\src\flutter\bin\cache\dart-sdk\bin\dart.exe (pid 1724) running file:///C:/src/flutter/bin/cache/flutter_tools.snapshot on 2026-08-03 05:14:36.639930.
=======
Last acquired by C:\src\flutter\bin\cache\dart-sdk\bin\dart.exe (pid 12460) running file:///C:/src/flutter/bin/cache/flutter_tools.snapshot on 2026-08-01 21:11:18.814943.
>>>>>>> 8f919d77a7dfbd609e3794dbbd737ef063400a30
